
Microsoft Visual Studio Solution File, Format Version 11.00
# Visual Studio 2010
Project("{FAE04EC0-301F-11D3-BF4B-00C04F79EFBC}") = "Fred.RecordPlayer", "Fred.RecordPlayer\Fred.RecordPlayer.csproj", "{DA363153-4093-45CA-8E6E-C49544552F92}"
EndProject
Project("{2150E333-8FDC-42A3-9474-1A3956D46DE8}") = "Solution Items", "Solution Items", "{75E25565-711D-4BA0-9EF9-6894D69E7725}"
	ProjectSection(SolutionItems) = preProject
		Fred.RecordPlayer.vsmdi = Fred.RecordPlayer.vsmdi
		Local.testsettings = Local.testsettings
		TraceAndTestImpact.testsettings = TraceAndTestImpact.testsettings
	EndProjectSection
EndProject
Global
	GlobalSection(TestCaseManagementSettings) = postSolution
		CategoryFile = Fred.RecordPlayer.vsmdi
	EndGlobalSection
	GlobalSection(SolutionConfigurationPlatforms) = preSolution
		Debug|Any CPU = Debug|Any CPU
		Debug|Mixed Platforms = Debug|Mixed Platforms
		Debug|x86 = Debug|x86
		Release|Any CPU = Release|Any CPU
		Release|Mixed Platforms = Release|Mixed Platforms
		Release|x86 = Release|x86
	EndGlobalSection
	GlobalSection(ProjectConfigurationPlatforms) = postSolution
		{DA363153-4093-45CA-8E6E-C49544552F92}.Debug|Any CPU.ActiveCfg = Debug|x86
		{DA363153-4093-45CA-8E6E-C49544552F92}.Debug|Mixed Platforms.ActiveCfg = Debug|x86
		{DA363153-4093-45CA-8E6E-C49544552F92}.Debug|Mixed Platforms.Build.0 = Debug|x86
		{DA363153-4093-45CA-8E6E-C49544552F92}.Debug|x86.ActiveCfg = Debug|x86
		{DA363153-4093-45CA-8E6E-C49544552F92}.Debug|x86.Build.0 = Debug|x86
		{DA363153-4093-45CA-8E6E-C49544552F92}.Release|Any CPU.ActiveCfg = Release|x86
		{DA363153-4093-45CA-8E6E-C49544552F92}.Release|Mixed Platforms.ActiveCfg = Release|x86
		{DA363153-4093-45CA-8E6E-C49544552F92}.Release|Mixed Platforms.Build.0 = Release|x86
		{DA363153-4093-45CA-8E6E-C49544552F92}.Release|x86.ActiveCfg = Release|x86
		{DA363153-4093-45CA-8E6E-C49544552F92}.Release|x86.Build.0 = Release|x86
	EndGlobalSection
	GlobalSection(SolutionProperties) = preSolution
		HideSolutionNode = FALSE
	EndGlobalSection
EndGlobal
